
Microsoft Visual Studio Solution File, Format Version 12.00
# Visual Studio 15
VisualStudioVersion = 15.0.27130.2020
MinimumVisualStudioVersion = 10.0.40219.1
Project("{FAE04EC0-301F-11D3-BF4B-00C04F79EFBC}") = "Coins.Web", "Coins.Web\Coins.Web.csproj", "{948BAE3D-A24F-4AE9-8B43-DBCF59BE8E3D}"
EndProject
Project("{FAE04EC0-301F-11D3-BF4B-00C04F79EFBC}") = "Coins.Tests", "Coins.Tests\Coins.Tests.csproj", "{15BDC37C-9CB7-4783-8DCA-7C5EDC0F2FE7}"
EndProject
Project("{FAE04EC0-301F-11D3-BF4B-00C04F79EFBC}") = "Coins.ShapeShift", "Coins.ShapeShift\Coins.ShapeShift.csproj", "{F4BB8B65-6A79-43BB-8A67-512935468A6D}"
EndProject
Project("{FAE04EC0-301F-11D3-BF4B-00C04F79EFBC}") = "Coins", "Coins\Coins.csproj", "{F129FFCA-D83C-491D-B9C6-7BCACEEDE526}"
EndProject
Global
	GlobalSection(SolutionConfigurationPlatforms) = preSolution
		Debug|Any CPU = Debug|Any CPU
		Release|Any CPU = Release|Any CPU
	EndGlobalSection
	GlobalSection(ProjectConfigurationPlatforms) = postSolution
		{948BAE3D-A24F-4AE9-8B43-DBCF59BE8E3D}.Debug|Any CPU.ActiveCfg = Debug|Any CPU
		{948BAE3D-A24F-4AE9-8B43-DBCF59BE8E3D}.Debug|Any CPU.Build.0 = Debug|Any CPU
		{948BAE3D-A24F-4AE9-8B43-DBCF59BE8E3D}.Release|Any CPU.ActiveCfg = Release|Any CPU
		{948BAE3D-A24F-4AE9-8B43-DBCF59BE8E3D}.Release|Any CPU.Build.0 = Release|Any CPU
		{15BDC37C-9CB7-4783-8DCA-7C5EDC0F2FE7}.Debug|Any CPU.ActiveCfg = Debug|Any CPU
		{15BDC37C-9CB7-4783-8DCA-7C5EDC0F2FE7}.Debug|Any CPU.Build.0 = Debug|Any CPU
		{15BDC37C-9CB7-4783-8DCA-7C5EDC0F2FE7}.Release|Any CPU.ActiveCfg = Release|Any CPU
		{15BDC37C-9CB7-4783-8DCA-7C5EDC0F2FE7}.Release|Any CPU.Build.0 = Release|Any CPU
		{F4BB8B65-6A79-43BB-8A67-512935468A6D}.Debug|Any CPU.ActiveCfg = Debug|Any CPU
		{F4BB8B65-6A79-43BB-8A67-512935468A6D}.Debug|Any CPU.Build.0 = Debug|Any CPU
		{F4BB8B65-6A79-43BB-8A67-512935468A6D}.Release|Any CPU.ActiveCfg = Release|Any CPU
		{F4BB8B65-6A79-43BB-8A67-512935468A6D}.Release|Any CPU.Build.0 = Release|Any CPU
		{F129FFCA-D83C-491D-B9C6-7BCACEEDE526}.Debug|Any CPU.ActiveCfg = Debug|Any CPU
		{F129FFCA-D83C-491D-B9C6-7BCACEEDE526}.Debug|Any CPU.Build.0 = Debug|Any CPU
		{F129FFCA-D83C-491D-B9C6-7BCACEEDE526}.Release|Any CPU.ActiveCfg = Release|Any CPU
		{F129FFCA-D83C-491D-B9C6-7BCACEEDE526}.Release|Any CPU.Build.0 = Release|Any CPU
	EndGlobalSection
	GlobalSection(SolutionProperties) = preSolution
		HideSolutionNode = FALSE
	EndGlobalSection
	GlobalSection(ExtensibilityGlobals) = postSolution
		SolutionGuid = {18D4827E-0E03-41DB-A930-38CE013C01F2}
	EndGlobalSection
EndGlobal
